<?xml version="1.0" encoding="utf-8"?>
<Project ToolsVersion="4.0" xmlns="http://schemas.microsoft.com/developer/msbuild/2003">
  <ItemGroup>
    <Filter Include="Source Files">
      <UniqueIdentifier>{4FC737F1-C7A5-4376-A066-2A32D752A2FF}</UniqueIdentifier>
      <Extensions>cpp;c;cc;cxx;def;odl;idl;hpj;bat;asm;asmx</Extensions>
    </Filter>
    <Filter Include="Header Files">
      <UniqueIdentifier>{93995380-89BD-4b04-88EB-625FBE52EBFB}</UniqueIdentifier>
      <Extensions>h;hpp;hxx;hm;inl;inc;xsd</Extensions>
    </Filter>
    <Filter Include="Resource Files">
      <UniqueIdentifier>{67DA6AB6-F800-4c08-8B7A-83BB121AAD01}</UniqueIdentifier>
      <Extensions>rc;ico;cur;bmp;dlg;rc2;rct;bin;rgs;gif;jpg;jpeg;jpe;resx;tiff;tif;png;wav;mfcribbon-ms</Extensions>
    </Filter>
  </ItemGroup>
  <ItemGroup>
    <ClCompile Include="demo02_空格替换.cpp">
      <Filter>Source Files</Filter>
    </ClCompile>
    <ClCompile Include="demo03_判断1的个数.cpp">
      <Filter>Source Files</Filter>
    </ClCompile>
    <ClCompile Include="demo04_计算1加到n.cpp">
      <Filter>Source Files</Filter>
    </ClCompile>
    <ClCompile Include="demo05_不用加减乘除求两数和.cpp">
      <Filter>Source Files</Filter>
    </ClCompile>
    <ClCompile Include="demo06_斐波那契数列.cpp">
      <Filter>Source Files</Filter>
    </ClCompile>
    <ClCompile Include="demo07_链表中倒数第k个节点.cpp">
      <Filter>Source Files</Filter>
    </ClCompile>
    <ClCompile Include="demo08_用两个stack实现queue的功能.cpp">
      <Filter>Source Files</Filter>
    </ClCompile>
    <ClCompile Include="demo09_找出数组中出现次数超过长度一半的数字.cpp">
      <Filter>Source Files</Filter>
    </ClCompile>
    <ClCompile Include="demo10找出n个整数中最小的k个数.cpp">
      <Filter>Source Files</Filter>
    </ClCompile>
    <ClCompile Include="demo11_找出整形数组中只出现一次的数字.cpp">
      <Filter>Source Files</Filter>
    </ClCompile>
    <ClCompile Include="demo12_求double类型数的int类型次方.cpp">
      <Filter>Source Files</Filter>
    </ClCompile>
    <ClCompile Include="demo11_整型数组中找数字.cpp">
      <Filter>Source Files</Filter>
    </ClCompile>
    <ClCompile Include="demo13_旋转数组的最小数字.cpp">
      <Filter>Source Files</Filter>
    </ClCompile>
    <ClCompile Include="demo14_调整数组顺序使奇数位于偶数前面.cpp">
      <Filter>Source Files</Filter>
    </ClCompile>
    <ClCompile Include="demo15_数组中重复的数字.cpp">
      <Filter>Source Files</Filter>
    </ClCompile>
    <ClCompile Include="demo16_反转链表.cpp">
      <Filter>Source Files</Filter>
    </ClCompile>
    <ClCompile Include="demo17_合并两个排序的链表.cpp">
      <Filter>Source Files</Filter>
    </ClCompile>
    <ClCompile Include="demo18_二维数组中的查找.cpp">
      <Filter>Source Files</Filter>
    </ClCompile>
    <ClCompile Include="demo19_第一个只出现一次的字符_未完成.cpp">
      <Filter>Source Files</Filter>
    </ClCompile>
    <ClCompile Include="demo20_ 丑数.cpp">
      <Filter>Source Files</Filter>
    </ClCompile>
    <ClCompile Include="demo20_丑数_遍历的方法_不好.cpp">
      <Filter>Source Files</Filter>
    </ClCompile>
    <ClCompile Include="demo21_跳台阶.cpp">
      <Filter>Source Files</Filter>
    </ClCompile>
    <ClCompile Include="demo22_全排列.cpp">
      <Filter>Source Files</Filter>
    </ClCompile>
    <ClCompile Include="demo23_重建二叉树.cpp">
      <Filter>Source Files</Filter>
    </ClCompile>
    <ClCompile Include="demo24_二叉树的深度.cpp">
      <Filter>Source Files</Filter>
    </ClCompile>
    <ClCompile Include="demo25_从上往下打印二叉树.cpp">
      <Filter>Source Files</Filter>
    </ClCompile>
    <ClCompile Include="demo26_把二叉树打印成多行.cpp">
      <Filter>Source Files</Filter>
    </ClCompile>
    <ClCompile Include="demo27_变态跳台阶.cpp">
      <Filter>Source Files</Filter>
    </ClCompile>
    <ClCompile Include="demo28_矩形覆盖.cpp">
      <Filter>Source Files</Filter>
    </ClCompile>
    <ClCompile Include="demo29_二叉树的镜像.cpp">
      <Filter>Source Files</Filter>
    </ClCompile>
    <ClCompile Include="demo30_构建乘积数组.cpp">
      <Filter>Source Files</Filter>
    </ClCompile>
    <ClCompile Include="demo31_连续子数组的最大和.cpp">
      <Filter>Source Files</Filter>
    </ClCompile>
    <ClCompile Include="demo32_平衡二叉树的判断.cpp">
      <Filter>Source Files</Filter>
    </ClCompile>
    <ClCompile Include="demo33_整数中1出现的次数(从1到n整数中1出现的次数).cpp">
      <Filter>Source Files</Filter>
    </ClCompile>
    <ClCompile Include="demo36_字符流中第一个不重复的字符.cpp">
      <Filter>Source Files</Filter>
    </ClCompile>
    <ClCompile Include="demo35_包含min函数的栈.cpp">
      <Filter>Source Files</Filter>
    </ClCompile>
    <ClCompile Include="demo34_两个链表的第一个公共结点.cpp">
      <Filter>Source Files</Filter>
    </ClCompile>
    <ClCompile Include="demo37_对称的二叉树.cpp">
      <Filter>Source Files</Filter>
    </ClCompile>
    <ClCompile Include="demo38_第一个只出现一次的字符.cpp">
      <Filter>Source Files</Filter>
    </ClCompile>
    <ClCompile Include="demo39_栈的压入、弹出序列.cpp">
      <Filter>Source Files</Filter>
    </ClCompile>
    <ClCompile Include="demo40_数字在排序数组中出现的次数.cpp">
      <Filter>Source Files</Filter>
    </ClCompile>
    <ClCompile Include="demo41_和为S的两个数字.cpp">
      <Filter>Source Files</Filter>
    </ClCompile>
    <ClCompile Include="demo42_和为S的正数序列.cpp">
      <Filter>Source Files</Filter>
    </ClCompile>
    <ClCompile Include="demo43_左旋转字符串.cpp">
      <Filter>Source Files</Filter>
    </ClCompile>
    <ClCompile Include="demo44_翻转单词顺序列.cpp">
      <Filter>Source Files</Filter>
    </ClCompile>
    <ClCompile Include="demo45_扑克牌顺子.cpp">
      <Filter>Source Files</Filter>
    </ClCompile>
    <ClCompile Include="demo46_孩子们的游戏(圆圈中最后剩下的数).cpp">
      <Filter>Source Files</Filter>
    </ClCompile>
    <ClCompile Include="demo47_把字符串转换成整数.cpp">
      <Filter>Source Files</Filter>
    </ClCompile>
    <ClCompile Include="demo48_表示数值的字符串.cpp">
      <Filter>Source Files</Filter>
    </ClCompile>
    <ClCompile Include="demo49_数组中的逆序对.cpp">
      <Filter>Source Files</Filter>
    </ClCompile>
    <ClCompile Include="demo50_把数组排成最小的数.cpp">
      <Filter>Source Files</Filter>
    </ClCompile>
    <ClCompile Include="demo51_矩阵中的路径.cpp">
      <Filter>Source Files</Filter>
    </ClCompile>
    <ClCompile Include="demo52_机器人的运动范围.cpp">
      <Filter>Source Files</Filter>
    </ClCompile>
    <ClCompile Include="demo53_正则表达式的匹配.cpp">
      <Filter>Source Files</Filter>
    </ClCompile>
  </ItemGroup>
  <ItemGroup>
    <None Include="逆序打印一个链表的各个节点.txt">
      <Filter>Source Files</Filter>
    </None>
  </ItemGroup>
</Project>